// !$*UTF8*$!
{
	archiveVersion = 1;
	classes = {
	};
	objectVersion = 56;
	objects = {

/* Begin PBXBuildFile section */
		2E0ED9D72AC86C86003CFD12 /* Constants.swift in Sources */ = {isa = PBXBuildFile; fileRef = 2E0ED9D62AC86C86003CFD12 /* Constants.swift */; };
		2E0ED9DC2AC9B749003CFD12 /* BaseContentView.swift in Sources */ = {isa = PBXBuildFile; fileRef = 2E0ED9DB2AC9B749003CFD12 /* BaseContentView.swift */; };
		2E0ED9DF2AC9BD18003CFD12 /* Logging.swift in Sources */ = {isa = PBXBuildFile; fileRef = 2E0ED9DE2AC9BD18003CFD12 /* Logging.swift */; };
		2E0ED9E22AC9BDDE003CFD12 /* Date+Ext.swift in Sources */ = {isa = PBXBuildFile; fileRef = 2E0ED9E12AC9BDDE003CFD12 /* Date+Ext.swift */; };
		2E2045F52ABD810C0061B1B9 /* ThemeColorPicker.swift in Sources */ = {isa = PBXBuildFile; fileRef = 2E2045CA2ABD810B0061B1B9 /* ThemeColorPicker.swift */; };
		2E2045F82ABD810C0061B1B9 /* ThemePicker.swift in Sources */ = {isa = PBXBuildFile; fileRef = 2E2045CD2ABD810B0061B1B9 /* ThemePicker.swift */; };
		2E2046042ABD810C0061B1B9 /* GlobalThemePickers.swift in Sources */ = {isa = PBXBuildFile; fileRef = 2E2045DB2ABD810C0061B1B9 /* GlobalThemePickers.swift */; };
		2E20460B2ABD810C0061B1B9 /* SwiftUI+Theme.swift in Sources */ = {isa = PBXBuildFile; fileRef = 2E2045E72ABD810C0061B1B9 /* SwiftUI+Theme.swift */; };
		2E2046142ABD85F60061B1B9 /* dark_theme.json in Resources */ = {isa = PBXBuildFile; fileRef = 2E2046122ABD85F60061B1B9 /* dark_theme.json */; };
		2E2046152ABD85F60061B1B9 /* light_theme.json in Resources */ = {isa = PBXBuildFile; fileRef = 2E2046132ABD85F60061B1B9 /* light_theme.json */; };
		2E347C802ACD95B90099FD94 /* SFUserdefault.swift in Sources */ = {isa = PBXBuildFile; fileRef = 2E347C7F2ACD95B90099FD94 /* SFUserdefault.swift */; };
		2E347C822ACD96380099FD94 /* CacheManager.swift in Sources */ = {isa = PBXBuildFile; fileRef = 2E347C812ACD96380099FD94 /* CacheManager.swift */; };
		2E347C862ACD999D0099FD94 /* SFCacheProtocol.swift in Sources */ = {isa = PBXBuildFile; fileRef = 2E347C852ACD999D0099FD94 /* SFCacheProtocol.swift */; };
		2E347C882ACDA0140099FD94 /* String+Ext.swift in Sources */ = {isa = PBXBuildFile; fileRef = 2E347C872ACDA0140099FD94 /* String+Ext.swift */; };
		2E347C8A2ACEFDE50099FD94 /* SFUseCaseProvider.swift in Sources */ = {isa = PBXBuildFile; fileRef = 2E347C892ACEFDE50099FD94 /* SFUseCaseProvider.swift */; };
		2E347C8D2ACF00FE0099FD94 /* SFUseCase.swift in Sources */ = {isa = PBXBuildFile; fileRef = 2E347C8C2ACF00FE0099FD94 /* SFUseCase.swift */; };
		2E347C902ACF01770099FD94 /* SFRepository.swift in Sources */ = {isa = PBXBuildFile; fileRef = 2E347C8F2ACF01770099FD94 /* SFRepository.swift */; };
		2E347C932ACF018C0099FD94 /* SFRepositoryProvider.swift in Sources */ = {isa = PBXBuildFile; fileRef = 2E347C922ACF018C0099FD94 /* SFRepositoryProvider.swift */; };
		2E3BA1702AD1EB910058375E /* ImomeetVisionInfo.plist in Resources */ = {isa = PBXBuildFile; fileRef = 2E3BA16E2AD1EAD50058375E /* ImomeetVisionInfo.plist */; };
		2E4E55122ACB0D3D009FEC6C /* Font+Ext.swift in Sources */ = {isa = PBXBuildFile; fileRef = 2E4E55112ACB0D3D009FEC6C /* Font+Ext.swift */; };
		2E4E55152ACB1932009FEC6C /* ImomeetState.swift in Sources */ = {isa = PBXBuildFile; fileRef = 2E4E55142ACB1932009FEC6C /* ImomeetState.swift */; };
		2E4E551A2ACBCE78009FEC6C /* BaseViewModel.swift in Sources */ = {isa = PBXBuildFile; fileRef = 2E4E55192ACBCE77009FEC6C /* BaseViewModel.swift */; };
		2E980B952ACF04AD008BD140 /* WelcomeView.swift in Sources */ = {isa = PBXBuildFile; fileRef = 2E980B942ACF04AD008BD140 /* WelcomeView.swift */; };
		2E980B982ACF0B18008BD140 /* AppRoute.swift in Sources */ = {isa = PBXBuildFile; fileRef = 2E980B972ACF0B18008BD140 /* AppRoute.swift */; };
		2E980B9B2ACF1499008BD140 /* SFEmptyView.swift in Sources */ = {isa = PBXBuildFile; fileRef = 2E980B9A2ACF1499008BD140 /* SFEmptyView.swift */; };
		2E980B9D2AD1377F008BD140 /* MainTabbarView.swift in Sources */ = {isa = PBXBuildFile; fileRef = 2E980B9C2AD1377F008BD140 /* MainTabbarView.swift */; };
		2E980B9F2AD1390C008BD140 /* SideBarView.swift in Sources */ = {isa = PBXBuildFile; fileRef = 2E980B9E2AD1390C008BD140 /* SideBarView.swift */; };
		2E980BA12AD1404D008BD140 /* VisualEffectView.swift in Sources */ = {isa = PBXBuildFile; fileRef = 2E980BA02AD1404D008BD140 /* VisualEffectView.swift */; };
		2E980BA52AD14462008BD140 /* SideBarItem.swift in Sources */ = {isa = PBXBuildFile; fileRef = 2E980BA42AD14462008BD140 /* SideBarItem.swift */; };
		2E980BA72AD17643008BD140 /* LoadingView.swift in Sources */ = {isa = PBXBuildFile; fileRef = 2E980BA62AD17643008BD140 /* LoadingView.swift */; };
		2E980BAB2AD1BDE9008BD140 /* AuthRequestEntity.swift in Sources */ = {isa = PBXBuildFile; fileRef = 2E980BAA2AD1BDE9008BD140 /* AuthRequestEntity.swift */; };
		2E980BAF2AD1C2A9008BD140 /* NgnStringUtils.m in Sources */ = {isa = PBXBuildFile; fileRef = 2E980BAE2AD1C2A9008BD140 /* NgnStringUtils.m */; };
		2E980BD92AD1C65C008BD140 /* NgnDateTimeUtils.mm in Sources */ = {isa = PBXBuildFile; fileRef = 2E980BC82AD1C65C008BD140 /* NgnDateTimeUtils.mm */; };
		2E980BDA2AD1C65C008BD140 /* NgnCryptorHelper.m in Sources */ = {isa = PBXBuildFile; fileRef = 2E980BCC2AD1C65C008BD140 /* NgnCryptorHelper.m */; };
		2EC915562AD2DF8D00B7D49D /* AuthUseCase.swift in Sources */ = {isa = PBXBuildFile; fileRef = 2EC915552AD2DF8D00B7D49D /* AuthUseCase.swift */; };
		2EC915592AD2E0A900B7D49D /* SFResult.swift in Sources */ = {isa = PBXBuildFile; fileRef = 2EC915582AD2E0A900B7D49D /* SFResult.swift */; };
		2EC9155C2AD2E80E00B7D49D /* LogoutModel.swift in Sources */ = {isa = PBXBuildFile; fileRef = 2EC9155B2AD2E80E00B7D49D /* LogoutModel.swift */; };
		2EC9155E2AD5A03C00B7D49D /* WelcomeViewModel.swift in Sources */ = {isa = PBXBuildFile; fileRef = 2EC9155D2AD5A03C00B7D49D /* WelcomeViewModel.swift */; };
		2EE3F30F2AB716D100ED880E /* ImomeetVisionApp.swift in Sources */ = {isa = PBXBuildFile; fileRef = 2EE3F30E2AB716D100ED880E /* ImomeetVisionApp.swift */; };
		2EE3F3112AB716D100ED880E /* ContentView.swift in Sources */ = {isa = PBXBuildFile; fileRef = 2EE3F3102AB716D100ED880E /* ContentView.swift */; };
		2EE3F3132AB716D200ED880E /* Assets.xcassets in Resources */ = {isa = PBXBuildFile; fileRef = 2EE3F3122AB716D200ED880E /* Assets.xcassets */; };
		2EE3F3162AB716D200ED880E /* Preview Assets.xcassets in Resources */ = {isa = PBXBuildFile; fileRef = 2EE3F3152AB716D200ED880E /* Preview Assets.xcassets */; };
		2EE3F3212AB716D200ED880E /* ImomeetVisionTests.swift in Sources */ = {isa = PBXBuildFile; fileRef = 2EE3F3202AB716D200ED880E /* ImomeetVisionTests.swift */; };
		2EE3F32B2AB716D200ED880E /* ImomeetVisionUITests.swift in Sources */ = {isa = PBXBuildFile; fileRef = 2EE3F32A2AB716D200ED880E /* ImomeetVisionUITests.swift */; };
		2EE3F32D2AB716D200ED880E /* ImomeetVisionUITestsLaunchTests.swift in Sources */ = {isa = PBXBuildFile; fileRef = 2EE3F32C2AB716D200ED880E /* ImomeetVisionUITestsLaunchTests.swift */; };
		2EE3F33F2AB71EBE00ED880E /* LoginView.swift in Sources */ = {isa = PBXBuildFile; fileRef = 2EE3F33E2AB71EBE00ED880E /* LoginView.swift */; };
		2EE3F3412AB71EDB00ED880E /* LoginViewModel.swift in Sources */ = {isa = PBXBuildFile; fileRef = 2EE3F3402AB71EDB00ED880E /* LoginViewModel.swift */; };
		2EE3F3482AB7208C00ED880E /* AuthRepositoryImpl.swift in Sources */ = {isa = PBXBuildFile; fileRef = 2EE3F3472AB7208C00ED880E /* AuthRepositoryImpl.swift */; };
		2EE3F34A2AB720B000ED880E /* AuthRepository.swift in Sources */ = {isa = PBXBuildFile; fileRef = 2EE3F3492AB720B000ED880E /* AuthRepository.swift */; };
		2EE3F34C2AB721E800ED880E /* AuthDataSource.swift in Sources */ = {isa = PBXBuildFile; fileRef = 2EE3F34B2AB721E800ED880E /* AuthDataSource.swift */; };
		2EE3F34E2AB7228300ED880E /* LoginModel.swift in Sources */ = {isa = PBXBuildFile; fileRef = 2EE3F34D2AB7228300ED880E /* LoginModel.swift */; };
		2EE3F3532AB725E800ED880E /* AuthEntity.swift in Sources */ = {isa = PBXBuildFile; fileRef = 2EE3F3522AB725E800ED880E /* AuthEntity.swift */; };
		2EE3F3592AB728CD00ED880E /* ErrorHandling.swift in Sources */ = {isa = PBXBuildFile; fileRef = 2EE3F3582AB728CD00ED880E /* ErrorHandling.swift */; };
		2EE3F35E2AB72A9F00ED880E /* CommonAPI.swift in Sources */ = {isa = PBXBuildFile; fileRef = 2EE3F35D2AB72A9F00ED880E /* CommonAPI.swift */; };
		2EE3F3642AB73EC900ED880E /* APIFlowManager.swift in Sources */ = {isa = PBXBuildFile; fileRef = 2EE3F3632AB73EC900ED880E /* APIFlowManager.swift */; };
		2EE3F3682AB8676200ED880E /* LanguageManager.swift in Sources */ = {isa = PBXBuildFile; fileRef = 2EE3F3672AB8676200ED880E /* LanguageManager.swift */; };
		2EE3F36B2AB868DF00ED880E /* Localizable.strings in Resources */ = {isa = PBXBuildFile; fileRef = 2EE3F36D2AB868DF00ED880E /* Localizable.strings */; };
		2EF92C932AC3301D004386A6 /* ThemeManager.swift in Sources */ = {isa = PBXBuildFile; fileRef = 2EF92C922AC3301D004386A6 /* ThemeManager.swift */; };
		2EF92C952AC33111004386A6 /* Themes.swift in Sources */ = {isa = PBXBuildFile; fileRef = 2EF92C942AC33111004386A6 /* Themes.swift */; };
		2EF92C972AC33448004386A6 /* ThemeResource.swift in Sources */ = {isa = PBXBuildFile; fileRef = 2EF92C962AC33448004386A6 /* ThemeResource.swift */; };
		2EF92C992AC33473004386A6 /* ThemeDefine.swift in Sources */ = {isa = PBXBuildFile; fileRef = 2EF92C982AC33473004386A6 /* ThemeDefine.swift */; };
		2EF92C9B2AC339E3004386A6 /* ErrorMapping.swift in Sources */ = {isa = PBXBuildFile; fileRef = 2EF92C9A2AC339E3004386A6 /* ErrorMapping.swift */; };
		2EF92C9F2AC34560004386A6 /* Color+Extension.swift in Sources */ = {isa = PBXBuildFile; fileRef = 2EF92C9E2AC34560004386A6 /* Color+Extension.swift */; };
		2EF92CA12AC3524E004386A6 /* WeakReferenceValue.swift in Sources */ = {isa = PBXBuildFile; fileRef = 2EF92CA02AC3524E004386A6 /* WeakReferenceValue.swift */; };
/* End PBXBuildFile section */

/* Begin PBXContainerItemProxy section */
		2EE3F31D2AB716D200ED880E /* PBXContainerItemProxy */ = {
			isa = PBXContainerItemProxy;
			containerPortal = 2EE3F3032AB716D100ED880E /* Project object */;
			proxyType = 1;
			remoteGlobalIDString = 2EE3F30A2AB716D100ED880E;
			remoteInfo = ImomeetVision;
		};
		2EE3F3272AB716D200ED880E /* PBXContainerItemProxy */ = {
			isa = PBXContainerItemProxy;
			containerPortal = 2EE3F3032AB716D100ED880E /* Project object */;
			proxyType = 1;
			remoteGlobalIDString = 2EE3F30A2AB716D100ED880E;
			remoteInfo = ImomeetVision;
		};
/* End PBXContainerItemProxy section */

/* Begin PBXFileReference section */
		2E0ED9D62AC86C86003CFD12 /* Constants.swift */ = {isa = PBXFileReference; lastKnownFileType = sourcecode.swift; path = Constants.swift; sourceTree = "<group>"; };
		2E0ED9DB2AC9B749003CFD12 /* BaseContentView.swift */ = {isa = PBXFileReference; lastKnownFileType = sourcecode.swift; path = BaseContentView.swift; sourceTree = "<group>"; };
		2E0ED9DE2AC9BD18003CFD12 /* Logging.swift */ = {isa = PBXFileReference; lastKnownFileType = sourcecode.swift; path = Logging.swift; sourceTree = "<group>"; };
		2E0ED9E12AC9BDDE003CFD12 /* Date+Ext.swift */ = {isa = PBXFileReference; lastKnownFileType = sourcecode.swift; path = "Date+Ext.swift"; sourceTree = "<group>"; };
		2E2045CA2ABD810B0061B1B9 /* ThemeColorPicker.swift */ = {isa = PBXFileReference; fileEncoding = 4; lastKnownFileType = sourcecode.swift; path = ThemeColorPicker.swift; sourceTree = "<group>"; };
		2E2045CD2ABD810B0061B1B9 /* ThemePicker.swift */ = {isa = PBXFileReference; fileEncoding = 4; lastKnownFileType = sourcecode.swift; path = ThemePicker.swift; sourceTree = "<group>"; };
		2E2045DB2ABD810C0061B1B9 /* GlobalThemePickers.swift */ = {isa = PBXFileReference; fileEncoding = 4; lastKnownFileType = sourcecode.swift; path = GlobalThemePickers.swift; sourceTree = "<group>"; };
		2E2045E72ABD810C0061B1B9 /* SwiftUI+Theme.swift */ = {isa = PBXFileReference; fileEncoding = 4; lastKnownFileType = sourcecode.swift; path = "SwiftUI+Theme.swift"; sourceTree = "<group>"; };
		2E2046122ABD85F60061B1B9 /* dark_theme.json */ = {isa = PBXFileReference; fileEncoding = 4; lastKnownFileType = text.json; path = dark_theme.json; sourceTree = "<group>"; };
		2E2046132ABD85F60061B1B9 /* light_theme.json */ = {isa = PBXFileReference; fileEncoding = 4; lastKnownFileType = text.json; path = light_theme.json; sourceTree = "<group>"; };
		2E347C7F2ACD95B90099FD94 /* SFUserdefault.swift */ = {isa = PBXFileReference; lastKnownFileType = sourcecode.swift; path = SFUserdefault.swift; sourceTree = "<group>"; };
		2E347C812ACD96380099FD94 /* CacheManager.swift */ = {isa = PBXFileReference; lastKnownFileType = sourcecode.swift; path = CacheManager.swift; sourceTree = "<group>"; };
		2E347C852ACD999D0099FD94 /* SFCacheProtocol.swift */ = {isa = PBXFileReference; lastKnownFileType = sourcecode.swift; path = SFCacheProtocol.swift; sourceTree = "<group>"; };
		2E347C872ACDA0140099FD94 /* String+Ext.swift */ = {isa = PBXFileReference; lastKnownFileType = sourcecode.swift; path = "String+Ext.swift"; sourceTree = "<group>"; };
		2E347C892ACEFDE50099FD94 /* SFUseCaseProvider.swift */ = {isa = PBXFileReference; lastKnownFileType = sourcecode.swift; path = SFUseCaseProvider.swift; sourceTree = "<group>"; };
		2E347C8C2ACF00FE0099FD94 /* SFUseCase.swift */ = {isa = PBXFileReference; lastKnownFileType = sourcecode.swift; path = SFUseCase.swift; sourceTree = "<group>"; };
		2E347C8F2ACF01770099FD94 /* SFRepository.swift */ = {isa = PBXFileReference; lastKnownFileType = sourcecode.swift; path = SFRepository.swift; sourceTree = "<group>"; };
		2E347C922ACF018C0099FD94 /* SFRepositoryProvider.swift */ = {isa = PBXFileReference; lastKnownFileType = sourcecode.swift; path = SFRepositoryProvider.swift; sourceTree = "<group>"; };
		2E3BA16E2AD1EAD50058375E /* ImomeetVisionInfo.plist */ = {isa = PBXFileReference; lastKnownFileType = text.plist.xml; path = ImomeetVisionInfo.plist; sourceTree = "<group>"; };
		2E4E55112ACB0D3D009FEC6C /* Font+Ext.swift */ = {isa = PBXFileReference; lastKnownFileType = sourcecode.swift; path = "Font+Ext.swift"; sourceTree = "<group>"; };
		2E4E55142ACB1932009FEC6C /* ImomeetState.swift */ = {isa = PBXFileReference; lastKnownFileType = sourcecode.swift; path = ImomeetState.swift; sourceTree = "<group>"; };
		2E4E55192ACBCE77009FEC6C /* BaseViewModel.swift */ = {isa = PBXFileReference; lastKnownFileType = sourcecode.swift; path = BaseViewModel.swift; sourceTree = "<group>"; };
		2E980B942ACF04AD008BD140 /* WelcomeView.swift */ = {isa = PBXFileReference; lastKnownFileType = sourcecode.swift; path = WelcomeView.swift; sourceTree = "<group>"; };
		2E980B972ACF0B18008BD140 /* AppRoute.swift */ = {isa = PBXFileReference; lastKnownFileType = sourcecode.swift; path = AppRoute.swift; sourceTree = "<group>"; };
		2E980B9A2ACF1499008BD140 /* SFEmptyView.swift */ = {isa = PBXFileReference; lastKnownFileType = sourcecode.swift; path = SFEmptyView.swift; sourceTree = "<group>"; };
		2E980B9C2AD1377F008BD140 /* MainTabbarView.swift */ = {isa = PBXFileReference; lastKnownFileType = sourcecode.swift; path = MainTabbarView.swift; sourceTree = "<group>"; };
		2E980B9E2AD1390C008BD140 /* SideBarView.swift */ = {isa = PBXFileReference; lastKnownFileType = sourcecode.swift; path = SideBarView.swift; sourceTree = "<group>"; };
		2E980BA02AD1404D008BD140 /* VisualEffectView.swift */ = {isa = PBXFileReference; lastKnownFileType = sourcecode.swift; path = VisualEffectView.swift; sourceTree = "<group>"; };
		2E980BA42AD14462008BD140 /* SideBarItem.swift */ = {isa = PBXFileReference; lastKnownFileType = sourcecode.swift; path = SideBarItem.swift; sourceTree = "<group>"; };
		2E980BA62AD17643008BD140 /* LoadingView.swift */ = {isa = PBXFileReference; lastKnownFileType = sourcecode.swift; path = LoadingView.swift; sourceTree = "<group>"; };
		2E980BAA2AD1BDE9008BD140 /* AuthRequestEntity.swift */ = {isa = PBXFileReference; lastKnownFileType = sourcecode.swift; path = AuthRequestEntity.swift; sourceTree = "<group>"; };
		2E980BAD2AD1C2A8008BD140 /* ImomeetVision-Bridging-Header.h */ = {isa = PBXFileReference; lastKnownFileType = sourcecode.c.h; path = "ImomeetVision-Bridging-Header.h"; sourceTree = "<group>"; };
		2E980BAE2AD1C2A9008BD140 /* NgnStringUtils.m */ = {isa = PBXFileReference; lastKnownFileType = sourcecode.c.objc; path = NgnStringUtils.m; sourceTree = "<group>"; };
		2E980BB02AD1C2ED008BD140 /* NgnStringUtils.h */ = {isa = PBXFileReference; lastKnownFileType = sourcecode.c.h; path = NgnStringUtils.h; sourceTree = "<group>"; };
		2E980BB72AD1C65B008BD140 /* NgnCryptorHelper.h */ = {isa = PBXFileReference; fileEncoding = 4; lastKnownFileType = sourcecode.c.h; path = NgnCryptorHelper.h; sourceTree = "<group>"; };
		2E980BBE2AD1C65C008BD140 /* NgnDateTimeUtils.h */ = {isa = PBXFileReference; fileEncoding = 4; lastKnownFileType = sourcecode.c.h; path = NgnDateTimeUtils.h; sourceTree = "<group>"; };
		2E980BC82AD1C65C008BD140 /* NgnDateTimeUtils.mm */ = {isa = PBXFileReference; fileEncoding = 4; lastKnownFileType = sourcecode.cpp.objcpp; path = NgnDateTimeUtils.mm; sourceTree = "<group>"; };
		2E980BCB2AD1C65C008BD140 /* NgnConfigurationEntry.h */ = {isa = PBXFileReference; fileEncoding = 4; lastKnownFileType = sourcecode.c.h; path = NgnConfigurationEntry.h; sourceTree = "<group>"; };
		2E980BCC2AD1C65C008BD140 /* NgnCryptorHelper.m */ = {isa = PBXFileReference; fileEncoding = 4; lastKnownFileType = sourcecode.c.objc; path = NgnCryptorHelper.m; sourceTree = "<group>"; };
		2EC915552AD2DF8D00B7D49D /* AuthUseCase.swift */ = {isa = PBXFileReference; lastKnownFileType = sourcecode.swift; name = AuthUseCase.swift; path = ImomeetVision/Domains/UseCase/UsecaseRemote/AuthUseCase.swift; sourceTree = SOURCE_ROOT; };
		2EC915582AD2E0A900B7D49D /* SFResult.swift */ = {isa = PBXFileReference; lastKnownFileType = sourcecode.swift; path = SFResult.swift; sourceTree = "<group>"; };
		2EC9155B2AD2E80E00B7D49D /* LogoutModel.swift */ = {isa = PBXFileReference; lastKnownFileType = sourcecode.swift; path = LogoutModel.swift; sourceTree = "<group>"; };
		2EC9155D2AD5A03C00B7D49D /* WelcomeViewModel.swift */ = {isa = PBXFileReference; lastKnownFileType = sourcecode.swift; path = WelcomeViewModel.swift; sourceTree = "<group>"; };
		2EE3F30B2AB716D100ED880E /* ImomeetVision.app */ = {isa = PBXFileReference; explicitFileType = wrapper.application; includeInIndex = 0; path = ImomeetVision.app; sourceTree = BUILT_PRODUCTS_DIR; };
		2EE3F30E2AB716D100ED880E /* ImomeetVisionApp.swift */ = {isa = PBXFileReference; lastKnownFileType = sourcecode.swift; path = ImomeetVisionApp.swift; sourceTree = "<group>"; };
		2EE3F3102AB716D100ED880E /* ContentView.swift */ = {isa = PBXFileReference; lastKnownFileType = sourcecode.swift; path = ContentView.swift; sourceTree = "<group>"; };
		2EE3F3122AB716D200ED880E /* Assets.xcassets */ = {isa = PBXFileReference; lastKnownFileType = folder.assetcatalog; path = Assets.xcassets; sourceTree = "<group>"; };
		2EE3F3152AB716D200ED880E /* Preview Assets.xcassets */ = {isa = PBXFileReference; lastKnownFileType = folder.assetcatalog; path = "Preview Assets.xcassets"; sourceTree = "<group>"; };
		2EE3F3172AB716D200ED880E /* ImomeetVision.entitlements */ = {isa = PBXFileReference; lastKnownFileType = text.plist.entitlements; path = ImomeetVision.entitlements; sourceTree = "<group>"; };
		2EE3F31C2AB716D200ED880E /* ImomeetVisionTests.xctest */ = {isa = PBXFileReference; explicitFileType = wrapper.cfbundle; includeInIndex = 0; path = ImomeetVisionTests.xctest; sourceTree = BUILT_PRODUCTS_DIR; };
		2EE3F3202AB716D200ED880E /* ImomeetVisionTests.swift */ = {isa = PBXFileReference; lastKnownFileType = sourcecode.swift; path = ImomeetVisionTests.swift; sourceTree = "<group>"; };
		2EE3F3262AB716D200ED880E /* ImomeetVisionUITests.xctest */ = {isa = PBXFileReference; explicitFileType = wrapper.cfbundle; includeInIndex = 0; path = ImomeetVisionUITests.xctest; sourceTree = BUILT_PRODUCTS_DIR; };
		2EE3F32A2AB716D200ED880E /* ImomeetVisionUITests.swift */ = {isa = PBXFileReference; lastKnownFileType = sourcecode.swift; path = ImomeetVisionUITests.swift; sourceTree = "<group>"; };
		2EE3F32C2AB716D200ED880E /* ImomeetVisionUITestsLaunchTests.swift */ = {isa = PBXFileReference; lastKnownFileType = sourcecode.swift; path = ImomeetVisionUITestsLaunchTests.swift; sourceTree = "<group>"; };
		2EE3F33E2AB71EBE00ED880E /* LoginView.swift */ = {isa = PBXFileReference; lastKnownFileType = sourcecode.swift; path = LoginView.swift; sourceTree = "<group>"; };
		2EE3F3402AB71EDB00ED880E /* LoginViewModel.swift */ = {isa = PBXFileReference; lastKnownFileType = sourcecode.swift; path = LoginViewModel.swift; sourceTree = "<group>"; };
		2EE3F3472AB7208C00ED880E /* AuthRepositoryImpl.swift */ = {isa = PBXFileReference; lastKnownFileType = sourcecode.swift; path = AuthRepositoryImpl.swift; sourceTree = "<group>"; };
		2EE3F3492AB720B000ED880E /* AuthRepository.swift */ = {isa = PBXFileReference; lastKnownFileType = sourcecode.swift; path = AuthRepository.swift; sourceTree = "<group>"; };
		2EE3F34B2AB721E800ED880E /* AuthDataSource.swift */ = {isa = PBXFileReference; lastKnownFileType = sourcecode.swift; path = AuthDataSource.swift; sourceTree = "<group>"; };
		2EE3F34D2AB7228300ED880E /* LoginModel.swift */ = {isa = PBXFileReference; lastKnownFileType = sourcecode.swift; path = LoginModel.swift; sourceTree = "<group>"; };
		2EE3F3522AB725E800ED880E /* AuthEntity.swift */ = {isa = PBXFileReference; lastKnownFileType = sourcecode.swift; path = AuthEntity.swift; sourceTree = "<group>"; };
		2EE3F3582AB728CD00ED880E /* ErrorHandling.swift */ = {isa = PBXFileReference; lastKnownFileType = sourcecode.swift; path = ErrorHandling.swift; sourceTree = "<group>"; };
		2EE3F35D2AB72A9F00ED880E /* CommonAPI.swift */ = {isa = PBXFileReference; lastKnownFileType = sourcecode.swift; path = CommonAPI.swift; sourceTree = "<group>"; };
		2EE3F3632AB73EC900ED880E /* APIFlowManager.swift */ = {isa = PBXFileReference; lastKnownFileType = sourcecode.swift; path = APIFlowManager.swift; sourceTree = "<group>"; };
		2EE3F3672AB8676200ED880E /* LanguageManager.swift */ = {isa = PBXFileReference; lastKnownFileType = sourcecode.swift; path = LanguageManager.swift; sourceTree = "<group>"; };
		2EE3F36C2AB868DF00ED880E /* en */ = {isa = PBXFileReference; lastKnownFileType = text.plist.strings; name = en; path = en.lproj/Localizable.strings; sourceTree = "<group>"; };
		2EE3F3712AB869AC00ED880E /* zh-Hans */ = {isa = PBXFileReference; lastKnownFileType = text.plist.strings; name = "zh-Hans"; path = "zh-Hans.lproj/Localizable.strings"; sourceTree = "<group>"; };
		2EE3F3722AB869B000ED880E /* zh-Hant */ = {isa = PBXFileReference; lastKnownFileType = text.plist.strings; name = "zh-Hant"; path = "zh-Hant.lproj/Localizable.strings"; sourceTree = "<group>"; };
		2EE3F3732AB869B900ED880E /* ja */ = {isa = PBXFileReference; lastKnownFileType = text.plist.strings; name = ja; path = ja.lproj/Localizable.strings; sourceTree = "<group>"; };
		2EE3F3742AB869C400ED880E /* ko */ = {isa = PBXFileReference; lastKnownFileType = text.plist.strings; name = ko; path = ko.lproj/Localizable.strings; sourceTree = "<group>"; };
		2EE3F3752AB869D600ED880E /* vi */ = {isa = PBXFileReference; lastKnownFileType = text.plist.strings; name = vi; path = vi.lproj/Localizable.strings; sourceTree = "<group>"; };
		2EF92C922AC3301D004386A6 /* ThemeManager.swift */ = {isa = PBXFileReference; lastKnownFileType = sourcecode.swift; path = ThemeManager.swift; sourceTree = "<group>"; };
		2EF92C942AC33111004386A6 /* Themes.swift */ = {isa = PBXFileReference; lastKnownFileType = sourcecode.swift; path = Themes.swift; sourceTree = "<group>"; };
		2EF92C962AC33448004386A6 /* ThemeResource.swift */ = {isa = PBXFileReference; lastKnownFileType = sourcecode.swift; path = ThemeResource.swift; sourceTree = "<group>"; };
		2EF92C982AC33473004386A6 /* ThemeDefine.swift */ = {isa = PBXFileReference; lastKnownFileType = sourcecode.swift; path = ThemeDefine.swift; sourceTree = "<group>"; };
		2EF92C9A2AC339E3004386A6 /* ErrorMapping.swift */ = {isa = PBXFileReference; lastKnownFileType = sourcecode.swift; path = ErrorMapping.swift; sourceTree = "<group>"; };
		2EF92C9E2AC34560004386A6 /* Color+Extension.swift */ = {isa = PBXFileReference; lastKnownFileType = sourcecode.swift; path = "Color+Extension.swift"; sourceTree = "<group>"; };
		2EF92CA02AC3524E004386A6 /* WeakReferenceValue.swift */ = {isa = PBXFileReference; lastKnownFileType = sourcecode.swift; path = WeakReferenceValue.swift; sourceTree = "<group>"; };
/* End PBXFileReference section */

/* Begin PBXFrameworksBuildPhase section */
		2EE3F3082AB716D100ED880E /* Frameworks */ = {
			isa = PBXFrameworksBuildPhase;
			buildActionMask = 2147483647;
			files = (
			);
			runOnlyForDeploymentPostprocessing = 0;
		};
		2EE3F3192AB716D200ED880E /* Frameworks */ = {
			isa = PBXFrameworksBuildPhase;
			buildActionMask = 2147483647;
			files = (
			);
			runOnlyForDeploymentPostprocessing = 0;
		};
		2EE3F3232AB716D200ED880E /* Frameworks */ = {
			isa = PBXFrameworksBuildPhase;
			buildActionMask = 2147483647;
			files = (
			);
			runOnlyForDeploymentPostprocessing = 0;
		};
/* End PBXFrameworksBuildPhase section */

/* Begin PBXGroup section */
		2E0ED9D52AC86BB4003CFD12 /* UtilConstants */ = {
			isa = PBXGroup;
			children = (
				2E0ED9D62AC86C86003CFD12 /* Constants.swift */,
			);
			path = UtilConstants;
			sourceTree = "<group>";
		};
		2E0ED9DD2AC9BD01003CFD12 /* Logging */ = {
			isa = PBXGroup;
			children = (
				2E0ED9DE2AC9BD18003CFD12 /* Logging.swift */,
			);
			path = Logging;
			sourceTree = "<group>";
		};
		2E2045822ABD7EA60061B1B9 /* ThemeManager */ = {
			isa = PBXGroup;
			children = (
				2E2046112ABD85890061B1B9 /* StyleSheet */,
				2E2045DE2ABD810C0061B1B9 /* Extension */,
				2E2045DA2ABD810C0061B1B9 /* GlobalThemePickers */,
				2E2045C62ABD810B0061B1B9 /* ThemePicker */,
				2E2045ED2ABD810C0061B1B9 /* ThemeResources */,
				2EF92C922AC3301D004386A6 /* ThemeManager.swift */,
			);
			path = ThemeManager;
			sourceTree = "<group>";
		};
		2E2045C62ABD810B0061B1B9 /* ThemePicker */ = {
			isa = PBXGroup;
			children = (
				2E2045CA2ABD810B0061B1B9 /* ThemeColorPicker.swift */,
				2E2045CD2ABD810B0061B1B9 /* ThemePicker.swift */,
			);
			path = ThemePicker;
			sourceTree = "<group>";
		};
		2E2045DA2ABD810C0061B1B9 /* GlobalThemePickers */ = {
			isa = PBXGroup;
			children = (
				2E2045DB2ABD810C0061B1B9 /* GlobalThemePickers.swift */,
			);
			path = GlobalThemePickers;
			sourceTree = "<group>";
		};
		2E2045DE2ABD810C0061B1B9 /* Extension */ = {
			isa = PBXGroup;
			children = (
				2E2045E72ABD810C0061B1B9 /* SwiftUI+Theme.swift */,
			);
			path = Extension;
			sourceTree = "<group>";
		};
		2E2045ED2ABD810C0061B1B9 /* ThemeResources */ = {
			isa = PBXGroup;
			children = (
				2EF92C942AC33111004386A6 /* Themes.swift */,
				2EF92C962AC33448004386A6 /* ThemeResource.swift */,
				2EF92C982AC33473004386A6 /* ThemeDefine.swift */,
			);
			path = ThemeResources;
			sourceTree = "<group>";
		};
		2E2046112ABD85890061B1B9 /* StyleSheet */ = {
			isa = PBXGroup;
			children = (
				2E2046122ABD85F60061B1B9 /* dark_theme.json */,
				2E2046132ABD85F60061B1B9 /* light_theme.json */,
			);
			path = StyleSheet;
			sourceTree = "<group>";
		};
		2E347C7E2ACD95A50099FD94 /* Cache */ = {
			isa = PBXGroup;
			children = (
				2E347C7F2ACD95B90099FD94 /* SFUserdefault.swift */,
				2E347C812ACD96380099FD94 /* CacheManager.swift */,
				2E347C852ACD999D0099FD94 /* SFCacheProtocol.swift */,
			);
			path = Cache;
			sourceTree = "<group>";
		};
		2E347C8B2ACF006C0099FD94 /* UsecaseRemote */ = {
			isa = PBXGroup;
			children = (
				2EC915552AD2DF8D00B7D49D /* AuthUseCase.swift */,
			);
			path = UsecaseRemote;
			sourceTree = "<group>";
		};
		2E347C8E2ACF01520099FD94 /* RepositoryRemote */ = {
			isa = PBXGroup;
			children = (
				2EE3F3492AB720B000ED880E /* AuthRepository.swift */,
			);
			path = RepositoryRemote;
			sourceTree = "<group>";
		};
		2E4E55162ACB1C15009FEC6C /* Application */ = {
			isa = PBXGroup;
			children = (
				2EE3F30E2AB716D100ED880E /* ImomeetVisionApp.swift */,
				2E4E55142ACB1932009FEC6C /* ImomeetState.swift */,
				2EE3F3102AB716D100ED880E /* ContentView.swift */,
				2E980B972ACF0B18008BD140 /* AppRoute.swift */,
			);
			path = Application;
			sourceTree = "<group>";
		};
		2E980B8E2ACF0465008BD140 /* Sidebar */ = {
			isa = PBXGroup;
			children = (
				2E980B9E2AD1390C008BD140 /* SideBarView.swift */,
			);
			path = Sidebar;
			sourceTree = "<group>";
		};
		2E980B8F2ACF0471008BD140 /* Welcome */ = {
			isa = PBXGroup;
			children = (
				2E980B942ACF04AD008BD140 /* WelcomeView.swift */,
				2EC9155D2AD5A03C00B7D49D /* WelcomeViewModel.swift */,
			);
			path = Welcome;
			sourceTree = "<group>";
		};
		2E980B902ACF047C008BD140 /* Settings */ = {
			isa = PBXGroup;
			children = (
			);
			path = Settings;
			sourceTree = "<group>";
		};
		2E980B912ACF0483008BD140 /* Contacts */ = {
			isa = PBXGroup;
			children = (
			);
			path = Contacts;
			sourceTree = "<group>";
		};
		2E980B922ACF048C008BD140 /* Chats */ = {
			isa = PBXGroup;
			children = (
			);
			name = Chats;
			path = "Chát";
			sourceTree = "<group>";
		};
		2E980B932ACF0498008BD140 /* Meeting */ = {
			isa = PBXGroup;
			children = (
			);
			path = Meeting;
			sourceTree = "<group>";
		};
		2E980B992ACF148A008BD140 /* Common */ = {
			isa = PBXGroup;
			children = (
				2E980B9A2ACF1499008BD140 /* SFEmptyView.swift */,
				2E980BA02AD1404D008BD140 /* VisualEffectView.swift */,
				2E980BA62AD17643008BD140 /* LoadingView.swift */,
			);
			path = Common;
			sourceTree = "<group>";
		};
		2E980BA22AD1444D008BD140 /* Login */ = {
			isa = PBXGroup;
			children = (
				2EE3F3522AB725E800ED880E /* AuthEntity.swift */,
				2E980BAA2AD1BDE9008BD140 /* AuthRequestEntity.swift */,
			);
			path = Login;
			sourceTree = "<group>";
		};
		2E980BA32AD14453008BD140 /* SideBar */ = {
			isa = PBXGroup;
			children = (
				2E980BA42AD14462008BD140 /* SideBarItem.swift */,
			);
			path = SideBar;
			sourceTree = "<group>";
		};
		2E980BAC2AD1C285008BD140 /* NgnUtils */ = {
			isa = PBXGroup;
			children = (
				2E980BCB2AD1C65C008BD140 /* NgnConfigurationEntry.h */,
				2E980BB72AD1C65B008BD140 /* NgnCryptorHelper.h */,
				2E980BCC2AD1C65C008BD140 /* NgnCryptorHelper.m */,
				2E980BBE2AD1C65C008BD140 /* NgnDateTimeUtils.h */,
				2E980BC82AD1C65C008BD140 /* NgnDateTimeUtils.mm */,
				2E980BAE2AD1C2A9008BD140 /* NgnStringUtils.m */,
				2E980BB02AD1C2ED008BD140 /* NgnStringUtils.h */,
			);
			path = NgnUtils;
			sourceTree = "<group>";
		};
		2EC915572AD2E09600B7D49D /* Usecase */ = {
			isa = PBXGroup;
			children = (
				2EC915582AD2E0A900B7D49D /* SFResult.swift */,
			);
			path = Usecase;
			sourceTree = "<group>";
		};
		2EC9155A2AD2E7FE00B7D49D /* Auth */ = {
			isa = PBXGroup;
			children = (
				2EE3F34D2AB7228300ED880E /* LoginModel.swift */,
				2EC9155B2AD2E80E00B7D49D /* LogoutModel.swift */,
			);
			path = Auth;
			sourceTree = "<group>";
		};
		2EE3F3022AB716D100ED880E = {
			isa = PBXGroup;
			children = (
				2EE3F30D2AB716D100ED880E /* ImomeetVision */,
				2EE3F31F2AB716D200ED880E /* ImomeetVisionTests */,
				2EE3F3292AB716D200ED880E /* ImomeetVisionUITests */,
				2EE3F30C2AB716D100ED880E /* Products */,
			);
			sourceTree = "<group>";
		};
		2EE3F30C2AB716D100ED880E /* Products */ = {
			isa = PBXGroup;
			children = (
				2EE3F30B2AB716D100ED880E /* ImomeetVision.app */,
				2EE3F31C2AB716D200ED880E /* ImomeetVisionTests.xctest */,
				2EE3F3262AB716D200ED880E /* ImomeetVisionUITests.xctest */,
			);
			name = Products;
			sourceTree = "<group>";
		};
		2EE3F30D2AB716D100ED880E /* ImomeetVision */ = {
			isa = PBXGroup;
			children = (
				2E4E55162ACB1C15009FEC6C /* Application */,
				2EE3F33B2AB71D4500ED880E /* Screens */,
				2EE3F33A2AB71D3E00ED880E /* Domains */,
				2EE3F33C2AB71D5C00ED880E /* Data */,
				2EE3F3392AB71D3500ED880E /* Cores */,
				2E980BAD2AD1C2A8008BD140 /* ImomeetVision-Bridging-Header.h */,
				2E3BA16E2AD1EAD50058375E /* ImomeetVisionInfo.plist */,
				2EE3F3122AB716D200ED880E /* Assets.xcassets */,
				2EE3F3172AB716D200ED880E /* ImomeetVision.entitlements */,
				2EE3F3142AB716D200ED880E /* Preview Content */,
			);
			path = ImomeetVision;
			sourceTree = "<group>";
		};
		2EE3F3142AB716D200ED880E /* Preview Content */ = {
			isa = PBXGroup;
			children = (
				2EE3F3152AB716D200ED880E /* Preview Assets.xcassets */,
			);
			path = "Preview Content";
			sourceTree = "<group>";
		};
		2EE3F31F2AB716D200ED880E /* ImomeetVisionTests */ = {
			isa = PBXGroup;
			children = (
				2EE3F3202AB716D200ED880E /* ImomeetVisionTests.swift */,
			);
			path = ImomeetVisionTests;
			sourceTree = "<group>";
		};
		2EE3F3292AB716D200ED880E /* ImomeetVisionUITests */ = {
			isa = PBXGroup;
			children = (
				2EE3F32A2AB716D200ED880E /* ImomeetVisionUITests.swift */,
				2EE3F32C2AB716D200ED880E /* ImomeetVisionUITestsLaunchTests.swift */,
			);
			path = ImomeetVisionUITests;
			sourceTree = "<group>";
		};
		2EE3F3392AB71D3500ED880E /* Cores */ = {
			isa = PBXGroup;
			children = (
				2EF92C9D2AC34542004386A6 /* Extension */,
				2EF92C9C2AC34533004386A6 /* CommonUI */,
				2E2045822ABD7EA60061B1B9 /* ThemeManager */,
				2EE3F3612AB73EAD00ED880E /* Constants */,
				2EE3F35B2AB729F700ED880E /* CommonService */,
				2EE3F35A2AB729D900ED880E /* LanguageManager */,
			);
			path = Cores;
			sourceTree = "<group>";
		};
		2EE3F33A2AB71D3E00ED880E /* Domains */ = {
			isa = PBXGroup;
			children = (
				2EE3F3512AB725D200ED880E /* Entities */,
				2EE3F3432AB71F6600ED880E /* Repositories */,
				2EE3F3422AB71F3B00ED880E /* Usecase */,
			);
			path = Domains;
			sourceTree = "<group>";
		};
		2EE3F33B2AB71D4500ED880E /* Screens */ = {
			isa = PBXGroup;
			children = (
				2E980B992ACF148A008BD140 /* Common */,
				2E980B932ACF0498008BD140 /* Meeting */,
				2E980B922ACF048C008BD140 /* Chats */,
				2E980B912ACF0483008BD140 /* Contacts */,
				2E980B902ACF047C008BD140 /* Settings */,
				2E980B8F2ACF0471008BD140 /* Welcome */,
				2E980B8E2ACF0465008BD140 /* Sidebar */,
				2EE3F33D2AB71D8D00ED880E /* Auth */,
				2E980B9C2AD1377F008BD140 /* MainTabbarView.swift */,
			);
			path = Screens;
			sourceTree = "<group>";
		};
		2EE3F33C2AB71D5C00ED880E /* Data */ = {
			isa = PBXGroup;
			children = (
				2EE3F3452AB71F8600ED880E /* Repositories */,
				2EE3F3462AB71F9B00ED880E /* DataSource */,
				2EE3F3442AB71F8200ED880E /* Model */,
			);
			path = Data;
			sourceTree = "<group>";
		};
		2EE3F33D2AB71D8D00ED880E /* Auth */ = {
			isa = PBXGroup;
			children = (
				2EE3F33E2AB71EBE00ED880E /* LoginView.swift */,
				2EE3F3402AB71EDB00ED880E /* LoginViewModel.swift */,
			);
			path = Auth;
			sourceTree = "<group>";
		};
		2EE3F3422AB71F3B00ED880E /* Usecase */ = {
			isa = PBXGroup;
			children = (
				2E347C8B2ACF006C0099FD94 /* UsecaseRemote */,
				2E347C8C2ACF00FE0099FD94 /* SFUseCase.swift */,
				2E347C892ACEFDE50099FD94 /* SFUseCaseProvider.swift */,
			);
			path = Usecase;
			sourceTree = "<group>";
		};
		2EE3F3432AB71F6600ED880E /* Repositories */ = {
			isa = PBXGroup;
			children = (
				2E347C8E2ACF01520099FD94 /* RepositoryRemote */,
				2E347C8F2ACF01770099FD94 /* SFRepository.swift */,
				2E347C922ACF018C0099FD94 /* SFRepositoryProvider.swift */,
			);
			path = Repositories;
			sourceTree = "<group>";
		};
		2EE3F3442AB71F8200ED880E /* Model */ = {
			isa = PBXGroup;
			children = (
				2EC9155A2AD2E7FE00B7D49D /* Auth */,
			);
			path = Model;
			sourceTree = "<group>";
		};
		2EE3F3452AB71F8600ED880E /* Repositories */ = {
			isa = PBXGroup;
			children = (
				2EE3F3472AB7208C00ED880E /* AuthRepositoryImpl.swift */,
			);
			path = Repositories;
			sourceTree = "<group>";
		};
		2EE3F3462AB71F9B00ED880E /* DataSource */ = {
			isa = PBXGroup;
			children = (
				2EE3F34B2AB721E800ED880E /* AuthDataSource.swift */,
			);
			path = DataSource;
			sourceTree = "<group>";
		};
		2EE3F3512AB725D200ED880E /* Entities */ = {
			isa = PBXGroup;
			children = (
				2E980BA32AD14453008BD140 /* SideBar */,
				2E980BA22AD1444D008BD140 /* Login */,
			);
			path = Entities;
			sourceTree = "<group>";
		};
		2EE3F3572AB728B800ED880E /* ErrorHandling */ = {
			isa = PBXGroup;
			children = (
				2EE3F3582AB728CD00ED880E /* ErrorHandling.swift */,
				2EF92C9A2AC339E3004386A6 /* ErrorMapping.swift */,
			);
			path = ErrorHandling;
			sourceTree = "<group>";
		};
		2EE3F35A2AB729D900ED880E /* LanguageManager */ = {
			isa = PBXGroup;
			children = (
				2EE3F3662AB8675100ED880E /* Localizable */,
				2EE3F3672AB8676200ED880E /* LanguageManager.swift */,
			);
			path = LanguageManager;
			sourceTree = "<group>";
		};
		2EE3F35B2AB729F700ED880E /* CommonService */ = {
			isa = PBXGroup;
			children = (
				2EC915572AD2E09600B7D49D /* Usecase */,
				2E980BAC2AD1C285008BD140 /* NgnUtils */,
				2E347C7E2ACD95A50099FD94 /* Cache */,
				2EE3F3572AB728B800ED880E /* ErrorHandling */,
				2E0ED9DD2AC9BD01003CFD12 /* Logging */,
				2EE3F35C2AB72A9000ED880E /* CommonAPI */,
			);
			path = CommonService;
			sourceTree = "<group>";
		};
		2EE3F35C2AB72A9000ED880E /* CommonAPI */ = {
			isa = PBXGroup;
			children = (
				2EE3F35D2AB72A9F00ED880E /* CommonAPI.swift */,
			);
			path = CommonAPI;
			sourceTree = "<group>";
		};
		2EE3F3612AB73EAD00ED880E /* Constants */ = {
			isa = PBXGroup;
			children = (
				2E0ED9D52AC86BB4003CFD12 /* UtilConstants */,
				2EE3F3622AB73EB800ED880E /* APIFlowManager */,
			);
			path = Constants;
			sourceTree = "<group>";
		};
		2EE3F3622AB73EB800ED880E /* APIFlowManager */ = {
			isa = PBXGroup;
			children = (
				2EE3F3632AB73EC900ED880E /* APIFlowManager.swift */,
			);
			path = APIFlowManager;
			sourceTree = "<group>";
		};
		2EE3F3662AB8675100ED880E /* Localizable */ = {
			isa = PBXGroup;
			children = (
				2EE3F36D2AB868DF00ED880E /* Localizable.strings */,
			);
			path = Localizable;
			sourceTree = "<group>";
		};
		2EF92C9C2AC34533004386A6 /* CommonUI */ = {
			isa = PBXGroup;
			children = (
				2E0ED9DB2AC9B749003CFD12 /* BaseContentView.swift */,
				2E4E55192ACBCE77009FEC6C /* BaseViewModel.swift */,
			);
			path = CommonUI;
			sourceTree = "<group>";
		};
		2EF92C9D2AC34542004386A6 /* Extension */ = {
			isa = PBXGroup;
			children = (
				2EF92C9E2AC34560004386A6 /* Color+Extension.swift */,
				2EF92CA02AC3524E004386A6 /* WeakReferenceValue.swift */,
				2E0ED9E12AC9BDDE003CFD12 /* Date+Ext.swift */,
				2E4E55112ACB0D3D009FEC6C /* Font+Ext.swift */,
				2E347C872ACDA0140099FD94 /* String+Ext.swift */,
			);
			path = Extension;
			sourceTree = "<group>";
		};
/* End PBXGroup section */

/* Begin PBXNativeTarget section */
		2EE3F30A2AB716D100ED880E /* ImomeetVision */ = {
			isa = PBXNativeTarget;
			buildConfigurationList = 2EE3F3302AB716D200ED880E /* Build configuration list for PBXNativeTarget "ImomeetVision" */;
			buildPhases = (
				2EE3F3072AB716D100ED880E /* Sources */,
				2EE3F3082AB716D100ED880E /* Frameworks */,
				2EE3F3092AB716D100ED880E /* Resources */,
			);
			buildRules = (
			);
			dependencies = (
			);
			name = ImomeetVision;
			productName = ImomeetVision;
			productReference = 2EE3F30B2AB716D100ED880E /* ImomeetVision.app */;
			productType = "com.apple.product-type.application";
		};
		2EE3F31B2AB716D200ED880E /* ImomeetVisionTests */ = {
			isa = PBXNativeTarget;
			buildConfigurationList = 2EE3F3332AB716D200ED880E /* Build configuration list for PBXNativeTarget "ImomeetVisionTests" */;
			buildPhases = (
				D06DBDCE87B0B32B55DC232B /* [CP] Check Pods Manifest.lock */,
				2EE3F3182AB716D200ED880E /* Sources */,
				2EE3F3192AB716D200ED880E /* Frameworks */,
				2EE3F31A2AB716D200ED880E /* Resources */,
			);
			buildRules = (
			);
			dependencies = (
				2EE3F31E2AB716D200ED880E /* PBXTargetDependency */,
			);
			name = ImomeetVisionTests;
			productName = ImomeetVisionTests;
			productReference = 2EE3F31C2AB716D200ED880E /* ImomeetVisionTests.xctest */;
			productType = "com.apple.product-type.bundle.unit-test";
		};
		2EE3F3252AB716D200ED880E /* ImomeetVisionUITests */ = {
			isa = PBXNativeTarget;
			buildConfigurationList = 2EE3F3362AB716D200ED880E /* Build configuration list for PBXNativeTarget "ImomeetVisionUITests" */;
			buildPhases = (
				187E1D5FC3ECF0DEE378F82E /* [CP] Check Pods Manifest.lock */,
				2EE3F3222AB716D200ED880E /* Sources */,
				2EE3F3232AB716D200ED880E /* Frameworks */,
				2EE3F3242AB716D200ED880E /* Resources */,
				3E287D7FC2F80A7F774ECFD0 /* [CP] Embed Pods Frameworks */,
			);
			buildRules = (
			);
			dependencies = (
				2EE3F3282AB716D200ED880E /* PBXTargetDependency */,
			);
			name = ImomeetVisionUITests;
			productName = ImomeetVisionUITests;
			productReference = 2EE3F3262AB716D200ED880E /* ImomeetVisionUITests.xctest */;
			productType = "com.apple.product-type.bundle.ui-testing";
		};
/* End PBXNativeTarget section */

/* Begin PBXProject section */
		2EE3F3032AB716D100ED880E /* Project object */ = {
			isa = PBXProject;
			attributes = {
				BuildIndependentTargetsInParallel = 1;
				LastSwiftUpdateCheck = 1500;
				LastUpgradeCheck = 1500;
				TargetAttributes = {
					2EE3F30A2AB716D100ED880E = {
						CreatedOnToolsVersion = 15.0;
						LastSwiftMigration = 1500;
					};
					2EE3F31B2AB716D200ED880E = {
						CreatedOnToolsVersion = 15.0;
						TestTargetID = 2EE3F30A2AB716D100ED880E;
					};
					2EE3F3252AB716D200ED880E = {
						CreatedOnToolsVersion = 15.0;
						TestTargetID = 2EE3F30A2AB716D100ED880E;
					};
				};
			};
			buildConfigurationList = 2EE3F3062AB716D100ED880E /* Build configuration list for PBXProject "ImomeetVision" */;
			compatibilityVersion = "Xcode 14.0";
			developmentRegion = en;
			hasScannedForEncodings = 0;
			knownRegions = (
				en,
				Base,
				"zh-Hans",
				"zh-Hant",
				ja,
				ko,
				vi,
			);
			mainGroup = 2EE3F3022AB716D100ED880E;
			productRefGroup = 2EE3F30C2AB716D100ED880E /* Products */;
			projectDirPath = "";
			projectRoot = "";
			targets = (
				2EE3F30A2AB716D100ED880E /* ImomeetVision */,
				2EE3F31B2AB716D200ED880E /* ImomeetVisionTests */,
				2EE3F3252AB716D200ED880E /* ImomeetVisionUITests */,
			);
		};
/* End PBXProject section */

/* Begin PBXResourcesBuildPhase section */
		2EE3F3092AB716D100ED880E /* Resources */ = {
			isa = PBXResourcesBuildPhase;
			buildActionMask = 2147483647;
			files = (
				2EE3F3162AB716D200ED880E /* Preview Assets.xcassets in Resources */,
				2E3BA1702AD1EB910058375E /* ImomeetVisionInfo.plist in Resources */,
				2EE3F36B2AB868DF00ED880E /* Localizable.strings in Resources */,
				2E2046152ABD85F60061B1B9 /* light_theme.json in Resources */,
				2EE3F3132AB716D200ED880E /* Assets.xcassets in Resources */,
				2E2046142ABD85F60061B1B9 /* dark_theme.json in Resources */,
			);
			runOnlyForDeploymentPostprocessing = 0;
		};
		2EE3F31A2AB716D200ED880E /* Resources */ = {
			isa = PBXResourcesBuildPhase;
			buildActionMask = 2147483647;
			files = (
			);
			runOnlyForDeploymentPostprocessing = 0;
		};
		2EE3F3242AB716D200ED880E /* Resources */ = {
			isa = PBXResourcesBuildPhase;
			buildActionMask = 2147483647;
			files = (
			);
			runOnlyForDeploymentPostprocessing = 0;
		};
/* End PBXResourcesBuildPhase section */

/* Begin PBXShellScriptBuildPhase section */
		187E1D5FC3ECF0DEE378F82E /* [CP] Check Pods Manifest.lock */ = {
			isa = PBXShellScriptBuildPhase;
			buildActionMask = 2147483647;
			files = (
			);
			inputFileListPaths = (
			);
			inputPaths = (
				"${PODS_PODFILE_DIR_PATH}/Podfile.lock",
				"${PODS_ROOT}/Manifest.lock",
			);
			name = "[CP] Check Pods Manifest.lock";
			outputFileListPaths = (
			);
			outputPaths = (
				"$(DERIVED_FILE_DIR)/Pods-ImomeetVision-ImomeetVisionUITests-checkManifestLockResult.txt",
			);
			runOnlyForDeploymentPostprocessing = 0;
			shellPath = /bin/sh;
			shellScript = "diff \"${PODS_PODFILE_DIR_PATH}/Podfile.lock\" \"${PODS_ROOT}/Manifest.lock\" > /dev/null\nif [ $? != 0 ] ; then\n    # print error to STDERR\n    echo \"error: The sandbox is not in sync with the Podfile.lock. Run 'pod install' or update your CocoaPods installation.\" >&2\n    exit 1\nfi\n# This output is used by Xcode 'outputs' to avoid re-running this script phase.\necho \"SUCCESS\" > \"${SCRIPT_OUTPUT_FILE_0}\"\n";
			showEnvVarsInLog = 0;
		};
		3E287D7FC2F80A7F774ECFD0 /* [CP] Embed Pods Frameworks */ = {
			isa = PBXShellScriptBuildPhase;
			buildActionMask = 2147483647;
			files = (
			);
			inputFileListPaths = (
				"${PODS_ROOT}/Target Support Files/Pods-ImomeetVision-ImomeetVisionUITests/Pods-ImomeetVision-ImomeetVisionUITests-frameworks-${CONFIGURATION}-input-files.xcfilelist",
			);
			name = "[CP] Embed Pods Frameworks";
			outputFileListPaths = (
				"${PODS_ROOT}/Target Support Files/Pods-ImomeetVision-ImomeetVisionUITests/Pods-ImomeetVision-ImomeetVisionUITests-frameworks-${CONFIGURATION}-output-files.xcfilelist",
			);
			runOnlyForDeploymentPostprocessing = 0;
			shellPath = /bin/sh;
			shellScript = "\"${PODS_ROOT}/Target Support Files/Pods-ImomeetVision-ImomeetVisionUITests/Pods-ImomeetVision-ImomeetVisionUITests-frameworks.sh\"\n";
			showEnvVarsInLog = 0;
		};
		D06DBDCE87B0B32B55DC232B /* [CP] Check Pods Manifest.lock */ = {
			isa = PBXShellScriptBuildPhase;
			buildActionMask = 2147483647;
			files = (
			);
			inputFileListPaths = (
			);
			inputPaths = (
				"${PODS_PODFILE_DIR_PATH}/Podfile.lock",
				"${PODS_ROOT}/Manifest.lock",
			);
			name = "[CP] Check Pods Manifest.lock";
			outputFileListPaths = (
			);
			outputPaths = (
				"$(DERIVED_FILE_DIR)/Pods-ImomeetVisionTests-checkManifestLockResult.txt",
			);
			runOnlyForDeploymentPostprocessing = 0;
			shellPath = /bin/sh;
			shellScript = "diff \"${PODS_PODFILE_DIR_PATH}/Podfile.lock\" \"${PODS_ROOT}/Manifest.lock\" > /dev/null\nif [ $? != 0 ] ; then\n    # print error to STDERR\n    echo \"error: The sandbox is not in sync with the Podfile.lock. Run 'pod install' or update your CocoaPods installation.\" >&2\n    exit 1\nfi\n# This output is used by Xcode 'outputs' to avoid re-running this script phase.\necho \"SUCCESS\" > \"${SCRIPT_OUTPUT_FILE_0}\"\n";
			showEnvVarsInLog = 0;
		};
/* End PBXShellScriptBuildPhase section */

/* Begin PBXSourcesBuildPhase section */
		2EE3F3072AB716D100ED880E /* Sources */ = {
			isa = PBXSourcesBuildPhase;
			buildActionMask = 2147483647;
			files = (
				2E980BAB2AD1BDE9008BD140 /* AuthRequestEntity.swift in Sources */,
				2EE3F3642AB73EC900ED880E /* APIFlowManager.swift in Sources */,
				2E0ED9DF2AC9BD18003CFD12 /* Logging.swift in Sources */,
				2E0ED9E22AC9BDDE003CFD12 /* Date+Ext.swift in Sources */,
				2E347C802ACD95B90099FD94 /* SFUserdefault.swift in Sources */,
				2EF92C9F2AC34560004386A6 /* Color+Extension.swift in Sources */,
				2EC9155E2AD5A03C00B7D49D /* WelcomeViewModel.swift in Sources */,
				2E2046042ABD810C0061B1B9 /* GlobalThemePickers.swift in Sources */,
				2EF92CA12AC3524E004386A6 /* WeakReferenceValue.swift in Sources */,
				2EE3F3532AB725E800ED880E /* AuthEntity.swift in Sources */,
				2EC9155C2AD2E80E00B7D49D /* LogoutModel.swift in Sources */,
				2E2045F52ABD810C0061B1B9 /* ThemeColorPicker.swift in Sources */,
				2E347C882ACDA0140099FD94 /* String+Ext.swift in Sources */,
				2EC915562AD2DF8D00B7D49D /* AuthUseCase.swift in Sources */,
				2EE3F3482AB7208C00ED880E /* AuthRepositoryImpl.swift in Sources */,
				2EE3F3412AB71EDB00ED880E /* LoginViewModel.swift in Sources */,
				2EF92C932AC3301D004386A6 /* ThemeManager.swift in Sources */,
				2EE3F33F2AB71EBE00ED880E /* LoginView.swift in Sources */,
				2E347C932ACF018C0099FD94 /* SFRepositoryProvider.swift in Sources */,
				2E347C8D2ACF00FE0099FD94 /* SFUseCase.swift in Sources */,
				2EC915592AD2E0A900B7D49D /* SFResult.swift in Sources */,
				2EE3F3112AB716D100ED880E /* ContentView.swift in Sources */,
				2E980B982ACF0B18008BD140 /* AppRoute.swift in Sources */,
				2EE3F34C2AB721E800ED880E /* AuthDataSource.swift in Sources */,
				2E980BD92AD1C65C008BD140 /* NgnDateTimeUtils.mm in Sources */,
				2E4E55152ACB1932009FEC6C /* ImomeetState.swift in Sources */,
				2E347C822ACD96380099FD94 /* CacheManager.swift in Sources */,
				2E0ED9D72AC86C86003CFD12 /* Constants.swift in Sources */,
				2E2045F82ABD810C0061B1B9 /* ThemePicker.swift in Sources */,
				2E980BAF2AD1C2A9008BD140 /* NgnStringUtils.m in Sources */,
				2EF92C992AC33473004386A6 /* ThemeDefine.swift in Sources */,
				2E20460B2ABD810C0061B1B9 /* SwiftUI+Theme.swift in Sources */,
				2E980B9D2AD1377F008BD140 /* MainTabbarView.swift in Sources */,
				2EE3F34E2AB7228300ED880E /* LoginModel.swift in Sources */,
				2E347C902ACF01770099FD94 /* SFRepository.swift in Sources */,
				2E347C8A2ACEFDE50099FD94 /* SFUseCaseProvider.swift in Sources */,
				2E980BA12AD1404D008BD140 /* VisualEffectView.swift in Sources */,
				2EE3F30F2AB716D100ED880E /* ImomeetVisionApp.swift in Sources */,
				2EE3F3682AB8676200ED880E /* LanguageManager.swift in Sources */,
				2EE3F35E2AB72A9F00ED880E /* CommonAPI.swift in Sources */,
				2E347C862ACD999D0099FD94 /* SFCacheProtocol.swift in Sources */,
				2E980B9B2ACF1499008BD140 /* SFEmptyView.swift in Sources */,
				2EF92C972AC33448004386A6 /* ThemeResource.swift in Sources */,
				2E0ED9DC2AC9B749003CFD12 /* BaseContentView.swift in Sources */,
				2EF92C952AC33111004386A6 /* Themes.swift in Sources */,
				2EE3F3592AB728CD00ED880E /* ErrorHandling.swift in Sources */,
				2E980BDA2AD1C65C008BD140 /* NgnCryptorHelper.m in Sources */,
				2E4E55122ACB0D3D009FEC6C /* Font+Ext.swift in Sources */,
				2EE3F34A2AB720B000ED880E /* AuthRepository.swift in Sources */,
				2E4E551A2ACBCE78009FEC6C /* BaseViewModel.swift in Sources */,
				2E980B9F2AD1390C008BD140 /* SideBarView.swift in Sources */,
				2E980BA72AD17643008BD140 /* LoadingView.swift in Sources */,
				2E980B952ACF04AD008BD140 /* WelcomeView.swift in Sources */,
				2E980BA52AD14462008BD140 /* SideBarItem.swift in Sources */,
				2EF92C9B2AC339E3004386A6 /* ErrorMapping.swift in Sources */,
			);
			runOnlyForDeploymentPostprocessing = 0;
		};
		2EE3F3182AB716D200ED880E /* Sources */ = {
			isa = PBXSourcesBuildPhase;
			buildActionMask = 2147483647;
			files = (
				2EE3F3212AB716D200ED880E /* ImomeetVisionTests.swift in Sources */,
			);
			runOnlyForDeploymentPostprocessing = 0;
		};
		2EE3F3222AB716D200ED880E /* Sources */ = {
			isa = PBXSourcesBuildPhase;
			buildActionMask = 2147483647;
			files = (
				2EE3F32B2AB716D200ED880E /* ImomeetVisionUITests.swift in Sources */,
				2EE3F32D2AB716D200ED880E /* ImomeetVisionUITestsLaunchTests.swift in Sources */,
			);
			runOnlyForDeploymentPostprocessing = 0;
		};
/* End PBXSourcesBuildPhase section */

/* Begin PBXTargetDependency section */
		2EE3F31E2AB716D200ED880E /* PBXTargetDependency */ = {
			isa = PBXTargetDependency;
			target = 2EE3F30A2AB716D100ED880E /* ImomeetVision */;
			targetProxy = 2EE3F31D2AB716D200ED880E /* PBXContainerItemProxy */;
		};
		2EE3F3282AB716D200ED880E /* PBXTargetDependency */ = {
			isa = PBXTargetDependency;
			target = 2EE3F30A2AB716D100ED880E /* ImomeetVision */;
			targetProxy = 2EE3F3272AB716D200ED880E /* PBXContainerItemProxy */;
		};
/* End PBXTargetDependency section */

/* Begin PBXVariantGroup section */
		2EE3F36D2AB868DF00ED880E /* Localizable.strings */ = {
			isa = PBXVariantGroup;
			children = (
				2EE3F36C2AB868DF00ED880E /* en */,
				2EE3F3712AB869AC00ED880E /* zh-Hans */,
				2EE3F3722AB869B000ED880E /* zh-Hant */,
				2EE3F3732AB869B900ED880E /* ja */,
				2EE3F3742AB869C400ED880E /* ko */,
				2EE3F3752AB869D600ED880E /* vi */,
			);
			name = Localizable.strings;
			sourceTree = "<group>";
		};
/* End PBXVariantGroup section */

/* Begin XCBuildConfiguration section */
		2EE3F32E2AB716D200ED880E /* Debug */ = {
			isa = XCBuildConfiguration;
			buildSettings = {
				ALWAYS_SEARCH_USER_PATHS = NO;
				ASSETCATALOG_COMPILER_GENERATE_SWIFT_ASSET_SYMBOL_EXTENSIONS = YES;
				CLANG_ANALYZER_LOCALIZABILITY_NONLOCALIZED = YES;
				CLANG_ANALYZER_NONNULL = YES;
				CLANG_ANALYZER_NUMBER_OBJECT_CONVERSION = YES_AGGRESSIVE;
				CLANG_CXX_LANGUAGE_STANDARD = "gnu++20";
				CLANG_ENABLE_MODULES = YES;
				CLANG_ENABLE_OBJC_ARC = YES;
				CLANG_ENABLE_OBJC_WEAK = YES;
				CLANG_WARN_BLOCK_CAPTURE_AUTORELEASING = YES;
				CLANG_WARN_BOOL_CONVERSION = YES;
				CLANG_WARN_COMMA = YES;
				CLANG_WARN_CONSTANT_CONVERSION = YES;
				CLANG_WARN_DEPRECATED_OBJC_IMPLEMENTATIONS = YES;
				CLANG_WARN_DIRECT_OBJC_ISA_USAGE = YES_ERROR;
				CLANG_WARN_DOCUMENTATION_COMMENTS = YES;
				CLANG_WARN_EMPTY_BODY = YES;
				CLANG_WARN_ENUM_CONVERSION = YES;
				CLANG_WARN_INFINITE_RECURSION = YES;
				CLANG_WARN_INT_CONVERSION = YES;
				CLANG_WARN_NON_LITERAL_NULL_CONVERSION = YES;
				CLANG_WARN_OBJC_IMPLICIT_RETAIN_SELF = YES;
				CLANG_WARN_OBJC_LITERAL_CONVERSION = YES;
				CLANG_WARN_OBJC_ROOT_CLASS = YES_ERROR;
				CLANG_WARN_QUOTED_INCLUDE_IN_FRAMEWORK_HEADER = YES;
				CLANG_WARN_RANGE_LOOP_ANALYSIS = YES;
				CLANG_WARN_STRICT_PROTOTYPES = YES;
				CLANG_WARN_SUSPICIOUS_MOVE = YES;
				CLANG_WARN_UNGUARDED_AVAILABILITY = YES_AGGRESSIVE;
				CLANG_WARN_UNREACHABLE_CODE = YES;
				CLANG_WARN__DUPLICATE_METHOD_MATCH = YES;
				COPY_PHASE_STRIP = NO;
				DEBUG_INFORMATION_FORMAT = dwarf;
				ENABLE_STRICT_OBJC_MSGSEND = YES;
				ENABLE_TESTABILITY = YES;
				ENABLE_USER_SCRIPT_SANDBOXING = YES;
				GCC_C_LANGUAGE_STANDARD = gnu17;
				GCC_DYNAMIC_NO_PIC = NO;
				GCC_NO_COMMON_BLOCKS = YES;
				GCC_OPTIMIZATION_LEVEL = 0;
				GCC_PREPROCESSOR_DEFINITIONS = (
					"DEBUG=1",
					"$(inherited)",
				);
				GCC_WARN_64_TO_32_BIT_CONVERSION = YES;
				GCC_WARN_ABOUT_RETURN_TYPE = YES_ERROR;
				GCC_WARN_UNDECLARED_SELECTOR = YES;
				GCC_WARN_UNINITIALIZED_AUTOS = YES_AGGRESSIVE;
				GCC_WARN_UNUSED_FUNCTION = YES;
				GCC_WARN_UNUSED_VARIABLE = YES;
				LOCALIZATION_PREFERS_STRING_CATALOGS = YES;
				MACOSX_DEPLOYMENT_TARGET = 13.0;
				MTL_ENABLE_DEBUG_INFO = INCLUDE_SOURCE;
				MTL_FAST_MATH = YES;
				ONLY_ACTIVE_ARCH = YES;
				SDKROOT = macosx;
				SWIFT_ACTIVE_COMPILATION_CONDITIONS = "DEBUG $(inherited)";
				SWIFT_OPTIMIZATION_LEVEL = "-Onone";
			};
			name = Debug;
		};
		2EE3F32F2AB716D200ED880E /* Release */ = {
			isa = XCBuildConfiguration;
			buildSettings = {
				ALWAYS_SEARCH_USER_PATHS = NO;
				ASSETCATALOG_COMPILER_GENERATE_SWIFT_ASSET_SYMBOL_EXTENSIONS = YES;
				CLANG_ANALYZER_LOCALIZABILITY_NONLOCALIZED = YES;
				CLANG_ANALYZER_NONNULL = YES;
				CLANG_ANALYZER_NUMBER_OBJECT_CONVERSION = YES_AGGRESSIVE;
				CLANG_CXX_LANGUAGE_STANDARD = "gnu++20";
				CLANG_ENABLE_MODULES = YES;
				CLANG_ENABLE_OBJC_ARC = YES;
				CLANG_ENABLE_OBJC_WEAK = YES;
				CLANG_WARN_BLOCK_CAPTURE_AUTORELEASING = YES;
				CLANG_WARN_BOOL_CONVERSION = YES;
				CLANG_WARN_COMMA = YES;
				CLANG_WARN_CONSTANT_CONVERSION = YES;
				CLANG_WARN_DEPRECATED_OBJC_IMPLEMENTATIONS = YES;
				CLANG_WARN_DIRECT_OBJC_ISA_USAGE = YES_ERROR;
				CLANG_WARN_DOCUMENTATION_COMMENTS = YES;
				CLANG_WARN_EMPTY_BODY = YES;
				CLANG_WARN_ENUM_CONVERSION = YES;
				CLANG_WARN_INFINITE_RECURSION = YES;
				CLANG_WARN_INT_CONVERSION = YES;
				CLANG_WARN_NON_LITERAL_NULL_CONVERSION = YES;
				CLANG_WARN_OBJC_IMPLICIT_RETAIN_SELF = YES;
				CLANG_WARN_OBJC_LITERAL_CONVERSION = YES;
				CLANG_WARN_OBJC_ROOT_CLASS = YES_ERROR;
				CLANG_WARN_QUOTED_INCLUDE_IN_FRAMEWORK_HEADER = YES;
				CLANG_WARN_RANGE_LOOP_ANALYSIS = YES;
				CLANG_WARN_STRICT_PROTOTYPES = YES;
				CLANG_WARN_SUSPICIOUS_MOVE = YES;
				CLANG_WARN_UNGUARDED_AVAILABILITY = YES_AGGRESSIVE;
				CLANG_WARN_UNREACHABLE_CODE = YES;
				CLANG_WARN__DUPLICATE_METHOD_MATCH = YES;
				COPY_PHASE_STRIP = NO;
				DEBUG_INFORMATION_FORMAT = "dwarf-with-dsym";
				ENABLE_NS_ASSERTIONS = NO;
				ENABLE_STRICT_OBJC_MSGSEND = YES;
				ENABLE_USER_SCRIPT_SANDBOXING = YES;
				GCC_C_LANGUAGE_STANDARD = gnu17;
				GCC_NO_COMMON_BLOCKS = YES;
				GCC_WARN_64_TO_32_BIT_CONVERSION = YES;
				GCC_WARN_ABOUT_RETURN_TYPE = YES_ERROR;
				GCC_WARN_UNDECLARED_SELECTOR = YES;
				GCC_WARN_UNINITIALIZED_AUTOS = YES_AGGRESSIVE;
				GCC_WARN_UNUSED_FUNCTION = YES;
				GCC_WARN_UNUSED_VARIABLE = YES;
				LOCALIZATION_PREFERS_STRING_CATALOGS = YES;
				MACOSX_DEPLOYMENT_TARGET = 13.0;
				MTL_ENABLE_DEBUG_INFO = NO;
				MTL_FAST_MATH = YES;
				SDKROOT = macosx;
				SWIFT_COMPILATION_MODE = wholemodule;
			};
			name = Release;
		};
		2EE3F3312AB716D200ED880E /* Debug */ = {
			isa = XCBuildConfiguration;
			baseConfigurationReference = E455BDF82401A5E962CDBE18 /* Pods-ImomeetVision.debug.xcconfig */;
			buildSettings = {
				ASSETCATALOG_COMPILER_APPICON_NAME = AppIcon;
				ASSETCATALOG_COMPILER_GLOBAL_ACCENT_COLOR_NAME = AccentColor;
				CLANG_ENABLE_MODULES = YES;
				CODE_SIGN_ENTITLEMENTS = ImomeetVision/ImomeetVision.entitlements;
				"CODE_SIGN_IDENTITY[sdk=macosx*]" = "Apple Development";
				CODE_SIGN_STYLE = Automatic;
				COMBINE_HIDPI_IMAGES = YES;
				CURRENT_PROJECT_VERSION = 1;
				DEVELOPMENT_ASSET_PATHS = "\"ImomeetVision/Preview Content\"";
				DEVELOPMENT_TEAM = 8L589BGVFH;
				ENABLE_PREVIEWS = YES;
				GENERATE_INFOPLIST_FILE = NO;
				INFOPLIST_FILE = "$(SRCROOT)/ImomeetVision/ImomeetVisionInfo.plist";
				INFOPLIST_KEY_NSHumanReadableCopyright = "";
				INFOPLIST_KEY_UIStatusBarHidden = NO;
				LD_RUNPATH_SEARCH_PATHS = (
					"$(inherited)",
					"@executable_path/../Frameworks",
				);
				MACOSX_DEPLOYMENT_TARGET = 14.0;
				MARKETING_VERSION = 1.0;
				PRODUCT_BUNDLE_IDENTIFIER = com.softfoundry.ImomeetVision;
				PRODUCT_NAME = "$(TARGET_NAME)";
				SWIFT_EMIT_LOC_STRINGS = YES;
				SWIFT_OBJC_BRIDGING_HEADER = "ImomeetVision/ImomeetVision-Bridging-Header.h";
				SWIFT_OPTIMIZATION_LEVEL = "-Onone";
				SWIFT_VERSION = 5.0;
			};
			name = Debug;
		};
		2EE3F3322AB716D200ED880E /* Release */ = {
			isa = XCBuildConfiguration;
			buildSettings = {
				ASSETCATALOG_COMPILER_APPICON_NAME = AppIcon;
				ASSETCATALOG_COMPILER_GLOBAL_ACCENT_COLOR_NAME = AccentColor;
				CLANG_ENABLE_MODULES = YES;
				CODE_SIGN_ENTITLEMENTS = ImomeetVision/ImomeetVision.entitlements;
				"CODE_SIGN_IDENTITY[sdk=macosx*]" = "Apple Development";
				CODE_SIGN_STYLE = Automatic;
				COMBINE_HIDPI_IMAGES = YES;
				CURRENT_PROJECT_VERSION = 1;
				DEVELOPMENT_ASSET_PATHS = "\"ImomeetVision/Preview Content\"";
				DEVELOPMENT_TEAM = 8L589BGVFH;
				ENABLE_PREVIEWS = YES;
				GENERATE_INFOPLIST_FILE = NO;
				INFOPLIST_FILE = "$(SRCROOT)/ImomeetVision/ImomeetVisionInfo.plist";
				INFOPLIST_KEY_NSHumanReadableCopyright = "";
				INFOPLIST_KEY_UIStatusBarHidden = NO;
				LD_RUNPATH_SEARCH_PATHS = (
					"$(inherited)",
					"@executable_path/../Frameworks",
				);
				MACOSX_DEPLOYMENT_TARGET = 14.0;
				MARKETING_VERSION = 1.0;
				PRODUCT_BUNDLE_IDENTIFIER = com.softfoundry.ImomeetVision;
				PRODUCT_NAME = "$(TARGET_NAME)";
				SWIFT_EMIT_LOC_STRINGS = YES;
				SWIFT_OBJC_BRIDGING_HEADER = "ImomeetVision/ImomeetVision-Bridging-Header.h";
				SWIFT_VERSION = 5.0;
			};
			name = Release;
		};
		2EE3F3342AB716D200ED880E /* Debug */ = {
			isa = XCBuildConfiguration;
			buildSettings = {
				ALWAYS_EMBED_SWIFT_STANDARD_LIBRARIES = YES;
				BUNDLE_LOADER = "$(TEST_HOST)";
				CODE_SIGN_STYLE = Automatic;
				CURRENT_PROJECT_VERSION = 1;
				GENERATE_INFOPLIST_FILE = YES;
				MACOSX_DEPLOYMENT_TARGET = 14.0;
				MARKETING_VERSION = 1.0;
				PRODUCT_BUNDLE_IDENTIFIER = com.softfoundry.ImomeetVisionTests;
				PRODUCT_NAME = "$(TARGET_NAME)";
				SWIFT_EMIT_LOC_STRINGS = NO;
				SWIFT_VERSION = 5.0;
				TEST_HOST = "$(BUILT_PRODUCTS_DIR)/ImomeetVision.app/$(BUNDLE_EXECUTABLE_FOLDER_PATH)/ImomeetVision";
			};
			name = Debug;
		};
		2EE3F3352AB716D200ED880E /* Release */ = {
			isa = XCBuildConfiguration;
			buildSettings = {
				ALWAYS_EMBED_SWIFT_STANDARD_LIBRARIES = YES;
				BUNDLE_LOADER = "$(TEST_HOST)";
				CODE_SIGN_STYLE = Automatic;
				CURRENT_PROJECT_VERSION = 1;
				GENERATE_INFOPLIST_FILE = YES;
				MACOSX_DEPLOYMENT_TARGET = 14.0;
				MARKETING_VERSION = 1.0;
				PRODUCT_BUNDLE_IDENTIFIER = com.softfoundry.ImomeetVisionTests;
				PRODUCT_NAME = "$(TARGET_NAME)";
				SWIFT_EMIT_LOC_STRINGS = NO;
				SWIFT_VERSION = 5.0;
				TEST_HOST = "$(BUILT_PRODUCTS_DIR)/ImomeetVision.app/$(BUNDLE_EXECUTABLE_FOLDER_PATH)/ImomeetVision";
			};
			name = Release;
		};
		2EE3F3372AB716D200ED880E /* Debug */ = {
			isa = XCBuildConfiguration;
			buildSettings = {
				ALWAYS_EMBED_SWIFT_STANDARD_LIBRARIES = YES;
				CODE_SIGN_STYLE = Automatic;
				CURRENT_PROJECT_VERSION = 1;
				GENERATE_INFOPLIST_FILE = YES;
				MARKETING_VERSION = 1.0;
				PRODUCT_BUNDLE_IDENTIFIER = com.softfoundry.ImomeetVisionUITests;
				PRODUCT_NAME = "$(TARGET_NAME)";
				SWIFT_EMIT_LOC_STRINGS = NO;
				SWIFT_VERSION = 5.0;
				TEST_TARGET_NAME = ImomeetVision;
			};
			name = Debug;
		};
		2EE3F3382AB716D200ED880E /* Release */ = {
			isa = XCBuildConfiguration;
			buildSettings = {
				ALWAYS_EMBED_SWIFT_STANDARD_LIBRARIES = YES;
				CODE_SIGN_STYLE = Automatic;
				CURRENT_PROJECT_VERSION = 1;
				GENERATE_INFOPLIST_FILE = YES;
				MARKETING_VERSION = 1.0;
				PRODUCT_BUNDLE_IDENTIFIER = com.softfoundry.ImomeetVisionUITests;
				PRODUCT_NAME = "$(TARGET_NAME)";
				SWIFT_EMIT_LOC_STRINGS = NO;
				SWIFT_VERSION = 5.0;
				TEST_TARGET_NAME = ImomeetVision;
			};
			name = Release;
		};
/* End XCBuildConfiguration section */

/* Begin XCConfigurationList section */
		2EE3F3062AB716D100ED880E /* Build configuration list for PBXProject "ImomeetVision" */ = {
			isa = XCConfigurationList;
			buildConfigurations = (
				2EE3F32E2AB716D200ED880E /* Debug */,
				2EE3F32F2AB716D200ED880E /* Release */,
			);
			defaultConfigurationIsVisible = 0;
			defaultConfigurationName = Release;
		};
		2EE3F3302AB716D200ED880E /* Build configuration list for PBXNativeTarget "ImomeetVision" */ = {
			isa = XCConfigurationList;
			buildConfigurations = (
				2EE3F3312AB716D200ED880E /* Debug */,
				2EE3F3322AB716D200ED880E /* Release */,
			);
			defaultConfigurationIsVisible = 0;
			defaultConfigurationName = Release;
		};
		2EE3F3332AB716D200ED880E /* Build configuration list for PBXNativeTarget "ImomeetVisionTests" */ = {
			isa = XCConfigurationList;
			buildConfigurations = (
				2EE3F3342AB716D200ED880E /* Debug */,
				2EE3F3352AB716D200ED880E /* Release */,
			);
			defaultConfigurationIsVisible = 0;
			defaultConfigurationName = Release;
		};
		2EE3F3362AB716D200ED880E /* Build configuration list for PBXNativeTarget "ImomeetVisionUITests" */ = {
			isa = XCConfigurationList;
			buildConfigurations = (
				2EE3F3372AB716D200ED880E /* Debug */,
				2EE3F3382AB716D200ED880E /* Release */,
			);
			defaultConfigurationIsVisible = 0;
			defaultConfigurationName = Release;
		};
/* End XCConfigurationList section */
	};
	rootObject = 2EE3F3032AB716D100ED880E /* Project object */;
}
